
Microsoft Visual Studio Solution File, Format Version 12.00
# Visual Studio 15
VisualStudioVersion = 15.0.28307.489
MinimumVisualStudioVersion = 10.0.40219.1
Project("{FAE04EC0-301F-11D3-BF4B-00C04F79EFBC}") = "TestApp.Android", "TestApp\TestApp.Android\TestApp.Android.csproj", "{8F066D83-20DC-44C8-995B-33812486974D}"
EndProject
Project("{FAE04EC0-301F-11D3-BF4B-00C04F79EFBC}") = "TestApp.iOS", "TestApp\TestApp.iOS\TestApp.iOS.csproj", "{60F03B19-74C4-4A47-814B-884FF7D33807}"
EndProject
Project("{FAE04EC0-301F-11D3-BF4B-00C04F79EFBC}") = "TestApp.UWP", "TestApp\TestApp.UWP\TestApp.UWP.csproj", "{98B434BC-67C7-4496-9BA0-63EAD632A787}"
EndProject
Project("{9A19103F-16F7-4668-BE54-9A1E7A4F7556}") = "TestApp", "TestApp\TestApp\TestApp.csproj", "{20DEA826-51A2-4834-B37C-AB760CCC56E6}"
EndProject
Project("{FAE04EC0-301F-11D3-BF4B-00C04F79EFBC}") = "SharedLib", "SharedLib\SharedLib.csproj", "{A137D70A-2F1D-4B6B-A13B-55CEE5C84D92}"
EndProject
Global
	GlobalSection(SolutionConfigurationPlatforms) = preSolution
		Ad-Hoc|Any CPU = Ad-Hoc|Any CPU
		Ad-Hoc|ARM = Ad-Hoc|ARM
		Ad-Hoc|iPhone = Ad-Hoc|iPhone
		Ad-Hoc|iPhoneSimulator = Ad-Hoc|iPhoneSimulator
		Ad-Hoc|x64 = Ad-Hoc|x64
		Ad-Hoc|x86 = Ad-Hoc|x86
		AppStore|Any CPU = AppStore|Any CPU
		AppStore|ARM = AppStore|ARM
		AppStore|iPhone = AppStore|iPhone
		AppStore|iPhoneSimulator = AppStore|iPhoneSimulator
		AppStore|x64 = AppStore|x64
		AppStore|x86 = AppStore|x86
		Debug|Any CPU = Debug|Any CPU
		Debug|ARM = Debug|ARM
		Debug|iPhone = Debug|iPhone
		Debug|iPhoneSimulator = Debug|iPhoneSimulator
		Debug|x64 = Debug|x64
		Debug|x86 = Debug|x86
		Release|Any CPU = Release|Any CPU
		Release|ARM = Release|ARM
		Release|iPhone = Release|iPhone
		Release|iPhoneSimulator = Release|iPhoneSimulator
		Release|x64 = Release|x64
		Release|x86 = Release|x86
	EndGlobalSection
	GlobalSection(ProjectConfigurationPlatforms) = postSolution
		{8F066D83-20DC-44C8-995B-33812486974D}.Ad-Hoc|Any CPU.ActiveCfg = Release|Any CPU
		{8F066D83-20DC-44C8-995B-33812486974D}.Ad-Hoc|Any CPU.Build.0 = Release|Any CPU
		{8F066D83-20DC-44C8-995B-33812486974D}.Ad-Hoc|Any CPU.Deploy.0 = Release|Any CPU
		{8F066D83-20DC-44C8-995B-33812486974D}.Ad-Hoc|ARM.ActiveCfg = Release|Any CPU
		{8F066D83-20DC-44C8-995B-33812486974D}.Ad-Hoc|ARM.Build.0 = Release|Any CPU
		{8F066D83-20DC-44C8-995B-33812486974D}.Ad-Hoc|ARM.Deploy.0 = Release|Any CPU
		{8F066D83-20DC-44C8-995B-33812486974D}.Ad-Hoc|iPhone.ActiveCfg = Release|Any CPU
		{8F066D83-20DC-44C8-995B-33812486974D}.Ad-Hoc|iPhone.Build.0 = Release|Any CPU
		{8F066D83-20DC-44C8-995B-33812486974D}.Ad-Hoc|iPhone.Deploy.0 = Release|Any CPU
		{8F066D83-20DC-44C8-995B-33812486974D}.Ad-Hoc|iPhoneSimulator.ActiveCfg = Release|Any CPU
		{8F066D83-20DC-44C8-995B-33812486974D}.Ad-Hoc|iPhoneSimulator.Build.0 = Release|Any CPU
		{8F066D83-20DC-44C8-995B-33812486974D}.Ad-Hoc|iPhoneSimulator.Deploy.0 = Release|Any CPU
		{8F066D83-20DC-44C8-995B-33812486974D}.Ad-Hoc|x64.ActiveCfg = Release|Any CPU
		{8F066D83-20DC-44C8-995B-33812486974D}.Ad-Hoc|x64.Build.0 = Release|Any CPU
		{8F066D83-20DC-44C8-995B-33812486974D}.Ad-Hoc|x64.Deploy.0 = Release|Any CPU
		{8F066D83-20DC-44C8-995B-33812486974D}.Ad-Hoc|x86.ActiveCfg = Release|Any CPU
		{8F066D83-20DC-44C8-995B-33812486974D}.Ad-Hoc|x86.Build.0 = Release|Any CPU
		{8F066D83-20DC-44C8-995B-33812486974D}.Ad-Hoc|x86.Deploy.0 = Release|Any CPU
		{8F066D83-20DC-44C8-995B-33812486974D}.AppStore|Any CPU.ActiveCfg = Release|Any CPU
		{8F066D83-20DC-44C8-995B-33812486974D}.AppStore|Any CPU.Build.0 = Release|Any CPU
		{8F066D83-20DC-44C8-995B-33812486974D}.AppStore|Any CPU.Deploy.0 = Release|Any CPU
		{8F066D83-20DC-44C8-995B-33812486974D}.AppStore|ARM.ActiveCfg = Release|Any CPU
		{8F066D83-20DC-44C8-995B-33812486974D}.AppStore|ARM.Build.0 = Release|Any CPU
		{8F066D83-20DC-44C8-995B-33812486974D}.AppStore|ARM.Deploy.0 = Release|Any CPU
		{8F066D83-20DC-44C8-995B-33812486974D}.AppStore|iPhone.ActiveCfg = Release|Any CPU
		{8F066D83-20DC-44C8-995B-33812486974D}.AppStore|iPhone.Build.0 = Release|Any CPU
		{8F066D83-20DC-44C8-995B-33812486974D}.AppStore|iPhone.Deploy.0 = Release|Any CPU
		{8F066D83-20DC-44C8-995B-33812486974D}.AppStore|iPhoneSimulator.ActiveCfg = Release|Any CPU
		{8F066D83-20DC-44C8-995B-33812486974D}.AppStore|iPhoneSimulator.Build.0 = Release|Any CPU
		{8F066D83-20DC-44C8-995B-33812486974D}.AppStore|iPhoneSimulator.Deploy.0 = Release|Any CPU
		{8F066D83-20DC-44C8-995B-33812486974D}.AppStore|x64.ActiveCfg = Release|Any CPU
		{8F066D83-20DC-44C8-995B-33812486974D}.AppStore|x64.Build.0 = Release|Any CPU
		{8F066D83-20DC-44C8-995B-33812486974D}.AppStore|x64.Deploy.0 = Release|Any CPU
		{8F066D83-20DC-44C8-995B-33812486974D}.AppStore|x86.ActiveCfg = Release|Any CPU
		{8F066D83-20DC-44C8-995B-33812486974D}.AppStore|x86.Build.0 = Release|Any CPU
		{8F066D83-20DC-44C8-995B-33812486974D}.AppStore|x86.Deploy.0 = Release|Any CPU
		{8F066D83-20DC-44C8-995B-33812486974D}.Debug|Any CPU.ActiveCfg = Debug|Any CPU
		{8F066D83-20DC-44C8-995B-33812486974D}.Debug|Any CPU.Build.0 = Debug|Any CPU
		{8F066D83-20DC-44C8-995B-33812486974D}.Debug|Any CPU.Deploy.0 = Debug|Any CPU
		{8F066D83-20DC-44C8-995B-33812486974D}.Debug|ARM.ActiveCfg = Debug|Any CPU
		{8F066D83-20DC-44C8-995B-33812486974D}.Debug|ARM.Build.0 = Debug|Any CPU
		{8F066D83-20DC-44C8-995B-33812486974D}.Debug|ARM.Deploy.0 = Debug|Any CPU
		{8F066D83-20DC-44C8-995B-33812486974D}.Debug|iPhone.ActiveCfg = Debug|Any CPU
		{8F066D83-20DC-44C8-995B-33812486974D}.Debug|iPhone.Build.0 = Debug|Any CPU
		{8F066D83-20DC-44C8-995B-33812486974D}.Debug|iPhone.Deploy.0 = Debug|Any CPU
		{8F066D83-20DC-44C8-995B-33812486974D}.Debug|iPhoneSimulator.ActiveCfg = Debug|Any CPU
		{8F066D83-20DC-44C8-995B-33812486974D}.Debug|iPhoneSimulator.Build.0 = Debug|Any CPU
		{8F066D83-20DC-44C8-995B-33812486974D}.Debug|iPhoneSimulator.Deploy.0 = Debug|Any CPU
		{8F066D83-20DC-44C8-995B-33812486974D}.Debug|x64.ActiveCfg = Debug|Any CPU
		{8F066D83-20DC-44C8-995B-33812486974D}.Debug|x64.Build.0 = Debug|Any CPU
		{8F066D83-20DC-44C8-995B-33812486974D}.Debug|x64.Deploy.0 = Debug|Any CPU
		{8F066D83-20DC-44C8-995B-33812486974D}.Debug|x86.ActiveCfg = Debug|Any CPU
		{8F066D83-20DC-44C8-995B-33812486974D}.Debug|x86.Build.0 = Debug|Any CPU
		{8F066D83-20DC-44C8-995B-33812486974D}.Debug|x86.Deploy.0 = Debug|Any CPU
		{8F066D83-20DC-44C8-995B-33812486974D}.Release|Any CPU.ActiveCfg = Release|Any CPU
		{8F066D83-20DC-44C8-995B-33812486974D}.Release|Any CPU.Build.0 = Release|Any CPU
		{8F066D83-20DC-44C8-995B-33812486974D}.Release|Any CPU.Deploy.0 = Release|Any CPU
		{8F066D83-20DC-44C8-995B-33812486974D}.Release|ARM.ActiveCfg = Release|Any CPU
		{8F066D83-20DC-44C8-995B-33812486974D}.Release|ARM.Build.0 = Release|Any CPU
		{8F066D83-20DC-44C8-995B-33812486974D}.Release|ARM.Deploy.0 = Release|Any CPU
		{8F066D83-20DC-44C8-995B-33812486974D}.Release|iPhone.ActiveCfg = Release|Any CPU
		{8F066D83-20DC-44C8-995B-33812486974D}.Release|iPhone.Build.0 = Release|Any CPU
		{8F066D83-20DC-44C8-995B-33812486974D}.Release|iPhone.Deploy.0 = Release|Any CPU
		{8F066D83-20DC-44C8-995B-33812486974D}.Release|iPhoneSimulator.ActiveCfg = Release|Any CPU
		{8F066D83-20DC-44C8-995B-33812486974D}.Release|iPhoneSimulator.Build.0 = Release|Any CPU
		{8F066D83-20DC-44C8-995B-33812486974D}.Release|iPhoneSimulator.Deploy.0 = Release|Any CPU
		{8F066D83-20DC-44C8-995B-33812486974D}.Release|x64.ActiveCfg = Release|Any CPU
		{8F066D83-20DC-44C8-995B-33812486974D}.Release|x64.Build.0 = Release|Any CPU
		{8F066D83-20DC-44C8-995B-33812486974D}.Release|x64.Deploy.0 = Release|Any CPU
		{8F066D83-20DC-44C8-995B-33812486974D}.Release|x86.ActiveCfg = Release|Any CPU
		{8F066D83-20DC-44C8-995B-33812486974D}.Release|x86.Build.0 = Release|Any CPU
		{8F066D83-20DC-44C8-995B-33812486974D}.Release|x86.Deploy.0 = Release|Any CPU
		{60F03B19-74C4-4A47-814B-884FF7D33807}.Ad-Hoc|Any CPU.ActiveCfg = Ad-Hoc|iPhone
		{60F03B19-74C4-4A47-814B-884FF7D33807}.Ad-Hoc|ARM.ActiveCfg = Ad-Hoc|iPhone
		{60F03B19-74C4-4A47-814B-884FF7D33807}.Ad-Hoc|iPhone.ActiveCfg = Ad-Hoc|iPhone
		{60F03B19-74C4-4A47-814B-884FF7D33807}.Ad-Hoc|iPhone.Build.0 = Ad-Hoc|iPhone
		{60F03B19-74C4-4A47-814B-884FF7D33807}.Ad-Hoc|iPhoneSimulator.ActiveCfg = Ad-Hoc|iPhoneSimulator
		{60F03B19-74C4-4A47-814B-884FF7D33807}.Ad-Hoc|iPhoneSimulator.Build.0 = Ad-Hoc|iPhoneSimulator
		{60F03B19-74C4-4A47-814B-884FF7D33807}.Ad-Hoc|x64.ActiveCfg = Ad-Hoc|iPhone
		{60F03B19-74C4-4A47-814B-884FF7D33807}.Ad-Hoc|x86.ActiveCfg = Ad-Hoc|iPhone
		{60F03B19-74C4-4A47-814B-884FF7D33807}.AppStore|Any CPU.ActiveCfg = AppStore|iPhone
		{60F03B19-74C4-4A47-814B-884FF7D33807}.AppStore|ARM.ActiveCfg = AppStore|iPhone
		{60F03B19-74C4-4A47-814B-884FF7D33807}.AppStore|iPhone.ActiveCfg = AppStore|iPhone
		{60F03B19-74C4-4A47-814B-884FF7D33807}.AppStore|iPhone.Build.0 = AppStore|iPhone
		{60F03B19-74C4-4A47-814B-884FF7D33807}.AppStore|iPhoneSimulator.ActiveCfg = AppStore|iPhoneSimulator
		{60F03B19-74C4-4A47-814B-884FF7D33807}.AppStore|iPhoneSimulator.Build.0 = AppStore|iPhoneSimulator
		{60F03B19-74C4-4A47-814B-884FF7D33807}.AppStore|x64.ActiveCfg = AppStore|iPhone
		{60F03B19-74C4-4A47-814B-884FF7D33807}.AppStore|x86.ActiveCfg = AppStore|iPhone
		{60F03B19-74C4-4A47-814B-884FF7D33807}.Debug|Any CPU.ActiveCfg = Debug|iPhone
		{60F03B19-74C4-4A47-814B-884FF7D33807}.Debug|ARM.ActiveCfg = Debug|iPhone
		{60F03B19-74C4-4A47-814B-884FF7D33807}.Debug|iPhone.ActiveCfg = Debug|iPhone
		{60F03B19-74C4-4A47-814B-884FF7D33807}.Debug|iPhone.Build.0 = Debug|iPhone
		{60F03B19-74C4-4A47-814B-884FF7D33807}.Debug|iPhoneSimulator.ActiveCfg = Debug|iPhoneSimulator
		{60F03B19-74C4-4A47-814B-884FF7D33807}.Debug|iPhoneSimulator.Build.0 = Debug|iPhoneSimulator
		{60F03B19-74C4-4A47-814B-884FF7D33807}.Debug|x64.ActiveCfg = Debug|iPhone
		{60F03B19-74C4-4A47-814B-884FF7D33807}.Debug|x86.ActiveCfg = Debug|iPhone
		{60F03B19-74C4-4A47-814B-884FF7D33807}.Release|Any CPU.ActiveCfg = Release|iPhone
		{60F03B19-74C4-4A47-814B-884FF7D33807}.Release|ARM.ActiveCfg = Release|iPhone
		{60F03B19-74C4-4A47-814B-884FF7D33807}.Release|iPhone.ActiveCfg = Release|iPhone
		{60F03B19-74C4-4A47-814B-884FF7D33807}.Release|iPhone.Build.0 = Release|iPhone
		{60F03B19-74C4-4A47-814B-884FF7D33807}.Release|iPhoneSimulator.ActiveCfg = Release|iPhoneSimulator
		{60F03B19-74C4-4A47-814B-884FF7D33807}.Release|iPhoneSimulator.Build.0 = Release|iPhoneSimulator
		{60F03B19-74C4-4A47-814B-884FF7D33807}.Release|x64.ActiveCfg = Release|iPhone
		{60F03B19-74C4-4A47-814B-884FF7D33807}.Release|x86.ActiveCfg = Release|iPhone
		{98B434BC-67C7-4496-9BA0-63EAD632A787}.Ad-Hoc|Any CPU.ActiveCfg = Release|x86
		{98B434BC-67C7-4496-9BA0-63EAD632A787}.Ad-Hoc|Any CPU.Build.0 = Release|x86
		{98B434BC-67C7-4496-9BA0-63EAD632A787}.Ad-Hoc|Any CPU.Deploy.0 = Release|x86
		{98B434BC-67C7-4496-9BA0-63EAD632A787}.Ad-Hoc|ARM.ActiveCfg = Release|ARM
		{98B434BC-67C7-4496-9BA0-63EAD632A787}.Ad-Hoc|ARM.Build.0 = Release|ARM
		{98B434BC-67C7-4496-9BA0-63EAD632A787}.Ad-Hoc|ARM.Deploy.0 = Release|ARM
		{98B434BC-67C7-4496-9BA0-63EAD632A787}.Ad-Hoc|iPhone.ActiveCfg = Release|x86
		{98B434BC-67C7-4496-9BA0-63EAD632A787}.Ad-Hoc|iPhone.Build.0 = Release|x86
		{98B434BC-67C7-4496-9BA0-63EAD632A787}.Ad-Hoc|iPhone.Deploy.0 = Release|x86
		{98B434BC-67C7-4496-9BA0-63EAD632A787}.Ad-Hoc|iPhoneSimulator.ActiveCfg = Release|x86
		{98B434BC-67C7-4496-9BA0-63EAD632A787}.Ad-Hoc|iPhoneSimulator.Build.0 = Release|x86
		{98B434BC-67C7-4496-9BA0-63EAD632A787}.Ad-Hoc|iPhoneSimulator.Deploy.0 = Release|x86
		{98B434BC-67C7-4496-9BA0-63EAD632A787}.Ad-Hoc|x64.ActiveCfg = Release|x64
		{98B434BC-67C7-4496-9BA0-63EAD632A787}.Ad-Hoc|x64.Build.0 = Release|x64
		{98B434BC-67C7-4496-9BA0-63EAD632A787}.Ad-Hoc|x64.Deploy.0 = Release|x64
		{98B434BC-67C7-4496-9BA0-63EAD632A787}.Ad-Hoc|x86.ActiveCfg = Release|x86
		{98B434BC-67C7-4496-9BA0-63EAD632A787}.Ad-Hoc|x86.Build.0 = Release|x86
		{98B434BC-67C7-4496-9BA0-63EAD632A787}.Ad-Hoc|x86.Deploy.0 = Release|x86
		{98B434BC-67C7-4496-9BA0-63EAD632A787}.AppStore|Any CPU.ActiveCfg = Release|x86
		{98B434BC-67C7-4496-9BA0-63EAD632A787}.AppStore|Any CPU.Build.0 = Release|x86
		{98B434BC-67C7-4496-9BA0-63EAD632A787}.AppStore|Any CPU.Deploy.0 = Release|x86
		{98B434BC-67C7-4496-9BA0-63EAD632A787}.AppStore|ARM.ActiveCfg = Release|ARM
		{98B434BC-67C7-4496-9BA0-63EAD632A787}.AppStore|ARM.Build.0 = Release|ARM
		{98B434BC-67C7-4496-9BA0-63EAD632A787}.AppStore|ARM.Deploy.0 = Release|ARM
		{98B434BC-67C7-4496-9BA0-63EAD632A787}.AppStore|iPhone.ActiveCfg = Release|x86
		{98B434BC-67C7-4496-9BA0-63EAD632A787}.AppStore|iPhone.Build.0 = Release|x86
		{98B434BC-67C7-4496-9BA0-63EAD632A787}.AppStore|iPhone.Deploy.0 = Release|x86
		{98B434BC-67C7-4496-9BA0-63EAD632A787}.AppStore|iPhoneSimulator.ActiveCfg = Release|x86
		{98B434BC-67C7-4496-9BA0-63EAD632A787}.AppStore|iPhoneSimulator.Build.0 = Release|x86
		{98B434BC-67C7-4496-9BA0-63EAD632A787}.AppStore|iPhoneSimulator.Deploy.0 = Release|x86
		{98B434BC-67C7-4496-9BA0-63EAD632A787}.AppStore|x64.ActiveCfg = Release|x64
		{98B434BC-67C7-4496-9BA0-63EAD632A787}.AppStore|x64.Build.0 = Release|x64
		{98B434BC-67C7-4496-9BA0-63EAD632A787}.AppStore|x64.Deploy.0 = Release|x64
		{98B434BC-67C7-4496-9BA0-63EAD632A787}.AppStore|x86.ActiveCfg = Release|x86
		{98B434BC-67C7-4496-9BA0-63EAD632A787}.AppStore|x86.Build.0 = Release|x86
		{98B434BC-67C7-4496-9BA0-63EAD632A787}.AppStore|x86.Deploy.0 = Release|x86
		{98B434BC-67C7-4496-9BA0-63EAD632A787}.Debug|Any CPU.ActiveCfg = Debug|x86
		{98B434BC-67C7-4496-9BA0-63EAD632A787}.Debug|ARM.ActiveCfg = Debug|ARM
		{98B434BC-67C7-4496-9BA0-63EAD632A787}.Debug|ARM.Build.0 = Debug|ARM
		{98B434BC-67C7-4496-9BA0-63EAD632A787}.Debug|ARM.Deploy.0 = Debug|ARM
		{98B434BC-67C7-4496-9BA0-63EAD632A787}.Debug|iPhone.ActiveCfg = Debug|x86
		{98B434BC-67C7-4496-9BA0-63EAD632A787}.Debug|iPhoneSimulator.ActiveCfg = Debug|x86
		{98B434BC-67C7-4496-9BA0-63EAD632A787}.Debug|x64.ActiveCfg = Debug|x64
		{98B434BC-67C7-4496-9BA0-63EAD632A787}.Debug|x64.Build.0 = Debug|x64
		{98B434BC-67C7-4496-9BA0-63EAD632A787}.Debug|x64.Deploy.0 = Debug|x64
		{98B434BC-67C7-4496-9BA0-63EAD632A787}.Debug|x86.ActiveCfg = Debug|x86
		{98B434BC-67C7-4496-9BA0-63EAD632A787}.Debug|x86.Build.0 = Debug|x86
		{98B434BC-67C7-4496-9BA0-63EAD632A787}.Debug|x86.Deploy.0 = Debug|x86
		{98B434BC-67C7-4496-9BA0-63EAD632A787}.Release|Any CPU.ActiveCfg = Release|x86
		{98B434BC-67C7-4496-9BA0-63EAD632A787}.Release|ARM.ActiveCfg = Release|ARM
		{98B434BC-67C7-4496-9BA0-63EAD632A787}.Release|ARM.Build.0 = Release|ARM
		{98B434BC-67C7-4496-9BA0-63EAD632A787}.Release|ARM.Deploy.0 = Release|ARM
		{98B434BC-67C7-4496-9BA0-63EAD632A787}.Release|iPhone.ActiveCfg = Release|x86
		{98B434BC-67C7-4496-9BA0-63EAD632A787}.Release|iPhoneSimulator.ActiveCfg = Release|x86
		{98B434BC-67C7-4496-9BA0-63EAD632A787}.Release|x64.ActiveCfg = Release|x64
		{98B434BC-67C7-4496-9BA0-63EAD632A787}.Release|x64.Build.0 = Release|x64
		{98B434BC-67C7-4496-9BA0-63EAD632A787}.Release|x64.Deploy.0 = Release|x64
		{98B434BC-67C7-4496-9BA0-63EAD632A787}.Release|x86.ActiveCfg = Release|x86
		{98B434BC-67C7-4496-9BA0-63EAD632A787}.Release|x86.Build.0 = Release|x86
		{98B434BC-67C7-4496-9BA0-63EAD632A787}.Release|x86.Deploy.0 = Release|x86
		{20DEA826-51A2-4834-B37C-AB760CCC56E6}.Ad-Hoc|Any CPU.ActiveCfg = Debug|Any CPU
		{20DEA826-51A2-4834-B37C-AB760CCC56E6}.Ad-Hoc|Any CPU.Build.0 = Debug|Any CPU
		{20DEA826-51A2-4834-B37C-AB760CCC56E6}.Ad-Hoc|ARM.ActiveCfg = Debug|Any CPU
		{20DEA826-51A2-4834-B37C-AB760CCC56E6}.Ad-Hoc|ARM.Build.0 = Debug|Any CPU
		{20DEA826-51A2-4834-B37C-AB760CCC56E6}.Ad-Hoc|iPhone.ActiveCfg = Debug|Any CPU
		{20DEA826-51A2-4834-B37C-AB760CCC56E6}.Ad-Hoc|iPhone.Build.0 = Debug|Any CPU
		{20DEA826-51A2-4834-B37C-AB760CCC56E6}.Ad-Hoc|iPhoneSimulator.ActiveCfg = Debug|Any CPU
		{20DEA826-51A2-4834-B37C-AB760CCC56E6}.Ad-Hoc|iPhoneSimulator.Build.0 = Debug|Any CPU
		{20DEA826-51A2-4834-B37C-AB760CCC56E6}.Ad-Hoc|x64.ActiveCfg = Debug|Any CPU
		{20DEA826-51A2-4834-B37C-AB760CCC56E6}.Ad-Hoc|x64.Build.0 = Debug|Any CPU
		{20DEA826-51A2-4834-B37C-AB760CCC56E6}.Ad-Hoc|x86.ActiveCfg = Debug|Any CPU
		{20DEA826-51A2-4834-B37C-AB760CCC56E6}.Ad-Hoc|x86.Build.0 = Debug|Any CPU
		{20DEA826-51A2-4834-B37C-AB760CCC56E6}.AppStore|Any CPU.ActiveCfg = Debug|Any CPU
		{20DEA826-51A2-4834-B37C-AB760CCC56E6}.AppStore|Any CPU.Build.0 = Debug|Any CPU
		{20DEA826-51A2-4834-B37C-AB760CCC56E6}.AppStore|ARM.ActiveCfg = Debug|Any CPU
		{20DEA826-51A2-4834-B37C-AB760CCC56E6}.AppStore|ARM.Build.0 = Debug|Any CPU
		{20DEA826-51A2-4834-B37C-AB760CCC56E6}.AppStore|iPhone.ActiveCfg = Debug|Any CPU
		{20DEA826-51A2-4834-B37C-AB760CCC56E6}.AppStore|iPhone.Build.0 = Debug|Any CPU
		{20DEA826-51A2-4834-B37C-AB760CCC56E6}.AppStore|iPhoneSimulator.ActiveCfg = Debug|Any CPU
		{20DEA826-51A2-4834-B37C-AB760CCC56E6}.AppStore|iPhoneSimulator.Build.0 = Debug|Any CPU
		{20DEA826-51A2-4834-B37C-AB760CCC56E6}.AppStore|x64.ActiveCfg = Debug|Any CPU
		{20DEA826-51A2-4834-B37C-AB760CCC56E6}.AppStore|x64.Build.0 = Debug|Any CPU
		{20DEA826-51A2-4834-B37C-AB760CCC56E6}.AppStore|x86.ActiveCfg = Debug|Any CPU
		{20DEA826-51A2-4834-B37C-AB760CCC56E6}.AppStore|x86.Build.0 = Debug|Any CPU
		{20DEA826-51A2-4834-B37C-AB760CCC56E6}.Debug|Any CPU.ActiveCfg = Debug|Any CPU
		{20DEA826-51A2-4834-B37C-AB760CCC56E6}.Debug|Any CPU.Build.0 = Debug|Any CPU
		{20DEA826-51A2-4834-B37C-AB760CCC56E6}.Debug|ARM.ActiveCfg = Debug|Any CPU
		{20DEA826-51A2-4834-B37C-AB760CCC56E6}.Debug|ARM.Build.0 = Debug|Any CPU
		{20DEA826-51A2-4834-B37C-AB760CCC56E6}.Debug|iPhone.ActiveCfg = Debug|Any CPU
		{20DEA826-51A2-4834-B37C-AB760CCC56E6}.Debug|iPhone.Build.0 = Debug|Any CPU
		{20DEA826-51A2-4834-B37C-AB760CCC56E6}.Debug|iPhoneSimulator.ActiveCfg = Debug|Any CPU
		{20DEA826-51A2-4834-B37C-AB760CCC56E6}.Debug|iPhoneSimulator.Build.0 = Debug|Any CPU
		{20DEA826-51A2-4834-B37C-AB760CCC56E6}.Debug|x64.ActiveCfg = Debug|Any CPU
		{20DEA826-51A2-4834-B37C-AB760CCC56E6}.Debug|x64.Build.0 = Debug|Any CPU
		{20DEA826-51A2-4834-B37C-AB760CCC56E6}.Debug|x86.ActiveCfg = Debug|Any CPU
		{20DEA826-51A2-4834-B37C-AB760CCC56E6}.Debug|x86.Build.0 = Debug|Any CPU
		{20DEA826-51A2-4834-B37C-AB760CCC56E6}.Release|Any CPU.ActiveCfg = Release|Any CPU
		{20DEA826-51A2-4834-B37C-AB760CCC56E6}.Release|Any CPU.Build.0 = Release|Any CPU
		{20DEA826-51A2-4834-B37C-AB760CCC56E6}.Release|ARM.ActiveCfg = Release|Any CPU
		{20DEA826-51A2-4834-B37C-AB760CCC56E6}.Release|ARM.Build.0 = Release|Any CPU
		{20DEA826-51A2-4834-B37C-AB760CCC56E6}.Release|iPhone.ActiveCfg = Release|Any CPU
		{20DEA826-51A2-4834-B37C-AB760CCC56E6}.Release|iPhone.Build.0 = Release|Any CPU
		{20DEA826-51A2-4834-B37C-AB760CCC56E6}.Release|iPhoneSimulator.ActiveCfg = Release|Any CPU
		{20DEA826-51A2-4834-B37C-AB760CCC56E6}.Release|iPhoneSimulator.Build.0 = Release|Any CPU
		{20DEA826-51A2-4834-B37C-AB760CCC56E6}.Release|x64.ActiveCfg = Release|Any CPU
		{20DEA826-51A2-4834-B37C-AB760CCC56E6}.Release|x64.Build.0 = Release|Any CPU
		{20DEA826-51A2-4834-B37C-AB760CCC56E6}.Release|x86.ActiveCfg = Release|Any CPU
		{20DEA826-51A2-4834-B37C-AB760CCC56E6}.Release|x86.Build.0 = Release|Any CPU
		{A137D70A-2F1D-4B6B-A13B-55CEE5C84D92}.Ad-Hoc|Any CPU.ActiveCfg = Debug|Any CPU
		{A137D70A-2F1D-4B6B-A13B-55CEE5C84D92}.Ad-Hoc|Any CPU.Build.0 = Debug|Any CPU
		{A137D70A-2F1D-4B6B-A13B-55CEE5C84D92}.Ad-Hoc|ARM.ActiveCfg = Debug|Any CPU
		{A137D70A-2F1D-4B6B-A13B-55CEE5C84D92}.Ad-Hoc|ARM.Build.0 = Debug|Any CPU
		{A137D70A-2F1D-4B6B-A13B-55CEE5C84D92}.Ad-Hoc|iPhone.ActiveCfg = Debug|Any CPU
		{A137D70A-2F1D-4B6B-A13B-55CEE5C84D92}.Ad-Hoc|iPhone.Build.0 = Debug|Any CPU
		{A137D70A-2F1D-4B6B-A13B-55CEE5C84D92}.Ad-Hoc|iPhoneSimulator.ActiveCfg = Debug|Any CPU
		{A137D70A-2F1D-4B6B-A13B-55CEE5C84D92}.Ad-Hoc|iPhoneSimulator.Build.0 = Debug|Any CPU
		{A137D70A-2F1D-4B6B-A13B-55CEE5C84D92}.Ad-Hoc|x64.ActiveCfg = Debug|Any CPU
		{A137D70A-2F1D-4B6B-A13B-55CEE5C84D92}.Ad-Hoc|x64.Build.0 = Debug|Any CPU
		{A137D70A-2F1D-4B6B-A13B-55CEE5C84D92}.Ad-Hoc|x86.ActiveCfg = Debug|Any CPU
		{A137D70A-2F1D-4B6B-A13B-55CEE5C84D92}.Ad-Hoc|x86.Build.0 = Debug|Any CPU
		{A137D70A-2F1D-4B6B-A13B-55CEE5C84D92}.AppStore|Any CPU.ActiveCfg = Debug|Any CPU
		{A137D70A-2F1D-4B6B-A13B-55CEE5C84D92}.AppStore|Any CPU.Build.0 = Debug|Any CPU
		{A137D70A-2F1D-4B6B-A13B-55CEE5C84D92}.AppStore|ARM.ActiveCfg = Debug|Any CPU
		{A137D70A-2F1D-4B6B-A13B-55CEE5C84D92}.AppStore|ARM.Build.0 = Debug|Any CPU
		{A137D70A-2F1D-4B6B-A13B-55CEE5C84D92}.AppStore|iPhone.ActiveCfg = Debug|Any CPU
		{A137D70A-2F1D-4B6B-A13B-55CEE5C84D92}.AppStore|iPhone.Build.0 = Debug|Any CPU
		{A137D70A-2F1D-4B6B-A13B-55CEE5C84D92}.AppStore|iPhoneSimulator.ActiveCfg = Debug|Any CPU
		{A137D70A-2F1D-4B6B-A13B-55CEE5C84D92}.AppStore|iPhoneSimulator.Build.0 = Debug|Any CPU
		{A137D70A-2F1D-4B6B-A13B-55CEE5C84D92}.AppStore|x64.ActiveCfg = Debug|Any CPU
		{A137D70A-2F1D-4B6B-A13B-55CEE5C84D92}.AppStore|x64.Build.0 = Debug|Any CPU
		{A137D70A-2F1D-4B6B-A13B-55CEE5C84D92}.AppStore|x86.ActiveCfg = Debug|Any CPU
		{A137D70A-2F1D-4B6B-A13B-55CEE5C84D92}.AppStore|x86.Build.0 = Debug|Any CPU
		{A137D70A-2F1D-4B6B-A13B-55CEE5C84D92}.Debug|Any CPU.ActiveCfg = Debug|Any CPU
		{A137D70A-2F1D-4B6B-A13B-55CEE5C84D92}.Debug|Any CPU.Build.0 = Debug|Any CPU
		{A137D70A-2F1D-4B6B-A13B-55CEE5C84D92}.Debug|ARM.ActiveCfg = Debug|Any CPU
		{A137D70A-2F1D-4B6B-A13B-55CEE5C84D92}.Debug|ARM.Build.0 = Debug|Any CPU
		{A137D70A-2F1D-4B6B-A13B-55CEE5C84D92}.Debug|iPhone.ActiveCfg = Debug|Any CPU
		{A137D70A-2F1D-4B6B-A13B-55CEE5C84D92}.Debug|iPhone.Build.0 = Debug|Any CPU
		{A137D70A-2F1D-4B6B-A13B-55CEE5C84D92}.Debug|iPhoneSimulator.ActiveCfg = Debug|Any CPU
		{A137D70A-2F1D-4B6B-A13B-55CEE5C84D92}.Debug|iPhoneSimulator.Build.0 = Debug|Any CPU
		{A137D70A-2F1D-4B6B-A13B-55CEE5C84D92}.Debug|x64.ActiveCfg = Debug|Any CPU
		{A137D70A-2F1D-4B6B-A13B-55CEE5C84D92}.Debug|x64.Build.0 = Debug|Any CPU
		{A137D70A-2F1D-4B6B-A13B-55CEE5C84D92}.Debug|x86.ActiveCfg = Debug|Any CPU
		{A137D70A-2F1D-4B6B-A13B-55CEE5C84D92}.Debug|x86.Build.0 = Debug|Any CPU
		{A137D70A-2F1D-4B6B-A13B-55CEE5C84D92}.Release|Any CPU.ActiveCfg = Release|Any CPU
		{A137D70A-2F1D-4B6B-A13B-55CEE5C84D92}.Release|Any CPU.Build.0 = Release|Any CPU
		{A137D70A-2F1D-4B6B-A13B-55CEE5C84D92}.Release|ARM.ActiveCfg = Release|Any CPU
		{A137D70A-2F1D-4B6B-A13B-55CEE5C84D92}.Release|ARM.Build.0 = Release|Any CPU
		{A137D70A-2F1D-4B6B-A13B-55CEE5C84D92}.Release|iPhone.ActiveCfg = Release|Any CPU
		{A137D70A-2F1D-4B6B-A13B-55CEE5C84D92}.Release|iPhone.Build.0 = Release|Any CPU
		{A137D70A-2F1D-4B6B-A13B-55CEE5C84D92}.Release|iPhoneSimulator.ActiveCfg = Release|Any CPU
		{A137D70A-2F1D-4B6B-A13B-55CEE5C84D92}.Release|iPhoneSimulator.Build.0 = Release|Any CPU
		{A137D70A-2F1D-4B6B-A13B-55CEE5C84D92}.Release|x64.ActiveCfg = Release|Any CPU
		{A137D70A-2F1D-4B6B-A13B-55CEE5C84D92}.Release|x64.Build.0 = Release|Any CPU
		{A137D70A-2F1D-4B6B-A13B-55CEE5C84D92}.Release|x86.ActiveCfg = Release|Any CPU
		{A137D70A-2F1D-4B6B-A13B-55CEE5C84D92}.Release|x86.Build.0 = Release|Any CPU
	EndGlobalSection
	GlobalSection(SolutionProperties) = preSolution
		HideSolutionNode = FALSE
	EndGlobalSection
	GlobalSection(ExtensibilityGlobals) = postSolution
		SolutionGuid = {A64B0C32-3E2E-48FB-B977-4FCDB3A54ABE}
	EndGlobalSection
EndGlobal
